# This file was generated by Aiken
# You typically do not need to edit this file

[[requirements]]
name = "aiken-lang/stdlib"
version = "1.7.0"
source = "github"

[[requirements]]
name = "danogo2023/daken"
version = "v1.1.0"
source = "github"

[[requirements]]
name = "t0anh/aiken-stringify"
version = "v1.0.0"
source = "github"

[[packages]]
name = "aiken-lang/stdlib"
version = "1.7.0"
requirements = []
source = "github"

[[packages]]
name = "danogo2023/daken"
version = "v1.1.0"
requirements = []
source = "github"

[[packages]]
name = "t0anh/aiken-stringify"
version = "v1.0.0"
requirements = []
source = "github"

[etags]
