# This file was generated by Aiken
# You typically do not need to edit this file

[[requirements]]
name = "aiken-lang/stdlib"
version = "1.6.0"
source = "github"

[[requirements]]
name = "Danogo2023/daken"
version = "features/bond"
source = "github"

[[packages]]
name = "aiken-lang/stdlib"
version = "1.6.0"
requirements = []
source = "github"

[[packages]]
name = "Danogo2023/daken"
version = "features/bond"
requirements = []
source = "github"

[etags]
"Danogo2023/daken@features/bond" = [{ secs_since_epoch = 1700629907, nanos_since_epoch = 856079200 }, "acb87fe73889f1700c46a094806533647dbb6e92663c9f4d7a3484d60df249eb"]
