# This file was generated by Aiken
# You typically do not need to edit this file

[[requirements]]
name = "aiken-lang/stdlib"
version = "1.6.0"
source = "github"

[[requirements]]
name = "Danogo2023/daken"
version = "master"
source = "github"

[[packages]]
name = "aiken-lang/stdlib"
version = "1.6.0"
requirements = []
source = "github"

[[packages]]
name = "Danogo2023/daken"
version = "master"
requirements = []
source = "github"

[etags]
"Danogo2023/daken@master" = [{ secs_since_epoch = 1699611178, nanos_since_epoch = 432739800 }, "b7b8b7fa89a7185316bb5878def4ac01c976f4e2eaf087b0f0540f4c86f96e26"]
