# This file was generated by Aiken
# You typically do not need to edit this file

[[requirements]]
name = "aiken-lang/stdlib"
version = "1.6.0"
source = "github"

[[requirements]]
name = "Danogo2023/bonds-common"
version = "master"
source = "github"

[[packages]]
name = "aiken-lang/stdlib"
version = "1.6.0"
requirements = []
source = "github"

[[packages]]
name = "Danogo2023/bonds-common"
version = "master"
requirements = []
source = "github"

[etags]
"Danogo2023/bonds-common@master" = [{ secs_since_epoch = 1699542006, nanos_since_epoch = 619647500 }, "d6a491d5c9d9ed256e2ce110a66bce540140c50ab882d2f109b128460ed1e127"]
